// !$*UTF8*$!
{
	archiveVersion = 1;
	classes = {
	};
	objectVersion = 50;
	objects = {

/* Begin PBXBuildFile section */
		120969872553FC350075FF57 /* AppDelegate.m in Sources */ = {isa = PBXBuildFile; fileRef = 120969862553FC350075FF57 /* AppDelegate.m */; };
		1209698A2553FC350075FF57 /* SceneDelegate.m in Sources */ = {isa = PBXBuildFile; fileRef = 120969892553FC350075FF57 /* SceneDelegate.m */; };
		1209698D2553FC350075FF57 /* ViewController.m in Sources */ = {isa = PBXBuildFile; fileRef = 1209698C2553FC350075FF57 /* ViewController.m */; };
		120969902553FC350075FF57 /* Main.storyboard in Resources */ = {isa = PBXBuildFile; fileRef = 1209698E2553FC350075FF57 /* Main.storyboard */; };
		120969922553FC370075FF57 /* Assets.xcassets in Resources */ = {isa = PBXBuildFile; fileRef = 120969912553FC370075FF57 /* Assets.xcassets */; };
		120969952553FC370075FF57 /* LaunchScreen.storyboard in Resources */ = {isa = PBXBuildFile; fileRef = 120969932553FC370075FF57 /* LaunchScreen.storyboard */; };
		120969982553FC370075FF57 /* main.m in Sources */ = {isa = PBXBuildFile; fileRef = 120969972553FC370075FF57 /* main.m */; };
		120969A925553A1C0075FF57 /* AppDelegate.m in Sources */ = {isa = PBXBuildFile; fileRef = 120969A825553A1C0075FF57 /* AppDelegate.m */; };
		120969AC25553A1C0075FF57 /* SceneDelegate.m in Sources */ = {isa = PBXBuildFile; fileRef = 120969AB25553A1C0075FF57 /* SceneDelegate.m */; };
		120969AF25553A1C0075FF57 /* ViewController.m in Sources */ = {isa = PBXBuildFile; fileRef = 120969AE25553A1C0075FF57 /* ViewController.m */; };
		120969B225553A1C0075FF57 /* Main.storyboard in Resources */ = {isa = PBXBuildFile; fileRef = 120969B025553A1C0075FF57 /* Main.storyboard */; };
		120969B425553A1E0075FF57 /* Assets.xcassets in Resources */ = {isa = PBXBuildFile; fileRef = 120969B325553A1E0075FF57 /* Assets.xcassets */; };
		120969B725553A1E0075FF57 /* LaunchScreen.storyboard in Resources */ = {isa = PBXBuildFile; fileRef = 120969B525553A1E0075FF57 /* LaunchScreen.storyboard */; };
		120969BA25553A1E0075FF57 /* main.m in Sources */ = {isa = PBXBuildFile; fileRef = 120969B925553A1E0075FF57 /* main.m */; };
		1281203125A6A707005C479F /* AppDelegate.m in Sources */ = {isa = PBXBuildFile; fileRef = 1281203025A6A707005C479F /* AppDelegate.m */; };
		1281203425A6A707005C479F /* SceneDelegate.m in Sources */ = {isa = PBXBuildFile; fileRef = 1281203325A6A707005C479F /* SceneDelegate.m */; };
		1281203725A6A707005C479F /* ViewController.m in Sources */ = {isa = PBXBuildFile; fileRef = 1281203625A6A707005C479F /* ViewController.m */; };
		1281203A25A6A707005C479F /* Main.storyboard in Resources */ = {isa = PBXBuildFile; fileRef = 1281203825A6A707005C479F /* Main.storyboard */; };
		1281203C25A6A70A005C479F /* Assets.xcassets in Resources */ = {isa = PBXBuildFile; fileRef = 1281203B25A6A70A005C479F /* Assets.xcassets */; };
		1281203F25A6A70A005C479F /* LaunchScreen.storyboard in Resources */ = {isa = PBXBuildFile; fileRef = 1281203D25A6A70A005C479F /* LaunchScreen.storyboard */; };
		1281204225A6A70A005C479F /* main.m in Sources */ = {isa = PBXBuildFile; fileRef = 1281204125A6A70A005C479F /* main.m */; };
		1281205325A6A82A005C479F /* AppDelegate.m in Sources */ = {isa = PBXBuildFile; fileRef = 1281205225A6A82A005C479F /* AppDelegate.m */; };
		1281205625A6A82A005C479F /* SceneDelegate.m in Sources */ = {isa = PBXBuildFile; fileRef = 1281205525A6A82A005C479F /* SceneDelegate.m */; };
		1281205925A6A82A005C479F /* ViewController.m in Sources */ = {isa = PBXBuildFile; fileRef = 1281205825A6A82A005C479F /* ViewController.m */; };
		1281205C25A6A82A005C479F /* Main.storyboard in Resources */ = {isa = PBXBuildFile; fileRef = 1281205A25A6A82A005C479F /* Main.storyboard */; };
		1281205E25A6A82D005C479F /* Assets.xcassets in Resources */ = {isa = PBXBuildFile; fileRef = 1281205D25A6A82D005C479F /* Assets.xcassets */; };
		1281206125A6A82D005C479F /* LaunchScreen.storyboard in Resources */ = {isa = PBXBuildFile; fileRef = 1281205F25A6A82D005C479F /* LaunchScreen.storyboard */; };
		1281206425A6A82D005C479F /* main.m in Sources */ = {isa = PBXBuildFile; fileRef = 1281206325A6A82D005C479F /* main.m */; };
		1281209225A707C9005C479F /* NSConditionDemo.m in Sources */ = {isa = PBXBuildFile; fileRef = 1281207025A707C9005C479F /* NSConditionDemo.m */; };
		1281209325A707C9005C479F /* NSConditionLockDemo.m in Sources */ = {isa = PBXBuildFile; fileRef = 1281207125A707C9005C479F /* NSConditionLockDemo.m */; };
		1281209425A707C9005C479F /* NSLockDemo.m in Sources */ = {isa = PBXBuildFile; fileRef = 1281207325A707C9005C479F /* NSLockDemo.m */; };
		1281209525A707C9005C479F /* NSRecursiveLockDemo.m in Sources */ = {isa = PBXBuildFile; fileRef = 1281207725A707C9005C479F /* NSRecursiveLockDemo.m */; };
		1281209625A707C9005C479F /* SynchronizedDemo.m in Sources */ = {isa = PBXBuildFile; fileRef = 1281207925A707C9005C479F /* SynchronizedDemo.m */; };
		1281209725A707C9005C479F /* OSSpinLockDemo02.m in Sources */ = {isa = PBXBuildFile; fileRef = 1281207E25A707C9005C479F /* OSSpinLockDemo02.m */; };
		1281209825A707C9005C479F /* OSSpinLockDemo01.m in Sources */ = {isa = PBXBuildFile; fileRef = 1281207F25A707C9005C479F /* OSSpinLockDemo01.m */; };
		1281209925A707C9005C479F /* ADBaseDemo.m in Sources */ = {isa = PBXBuildFile; fileRef = 1281208025A707C9005C479F /* ADBaseDemo.m */; };
		1281209A25A707C9005C479F /* MutexDemo.m in Sources */ = {isa = PBXBuildFile; fileRef = 1281208225A707C9005C479F /* MutexDemo.m */; };
		1281209B25A707C9005C479F /* MutexDemo03.m in Sources */ = {isa = PBXBuildFile; fileRef = 1281208325A707C9005C479F /* MutexDemo03.m */; };
		1281209C25A707C9005C479F /* MutexDemo02.m in Sources */ = {isa = PBXBuildFile; fileRef = 1281208725A707C9005C479F /* MutexDemo02.m */; };
		1281209D25A707C9005C479F /* GCDSerialQueueDemo.m in Sources */ = {isa = PBXBuildFile; fileRef = 1281208A25A707C9005C479F /* GCDSerialQueueDemo.m */; };
		1281209E25A707C9005C479F /* OSUnfairLockDemo.m in Sources */ = {isa = PBXBuildFile; fileRef = 1281208C25A707C9005C479F /* OSUnfairLockDemo.m */; };
		1281209F25A707C9005C479F /* GCDSemaphoreDemo.m in Sources */ = {isa = PBXBuildFile; fileRef = 1281209025A707C9005C479F /* GCDSemaphoreDemo.m */; };
		128120C625A7FE56005C479F /* AppDelegate.m in Sources */ = {isa = PBXBuildFile; fileRef = 128120C525A7FE56005C479F /* AppDelegate.m */; };
		128120C925A7FE56005C479F /* SceneDelegate.m in Sources */ = {isa = PBXBuildFile; fileRef = 128120C825A7FE56005C479F /* SceneDelegate.m */; };
		128120CC25A7FE56005C479F /* ViewController.m in Sources */ = {isa = PBXBuildFile; fileRef = 128120CB25A7FE56005C479F /* ViewController.m */; };
		128120CF25A7FE56005C479F /* Main.storyboard in Resources */ = {isa = PBXBuildFile; fileRef = 128120CD25A7FE56005C479F /* Main.storyboard */; };
		128120D125A7FE59005C479F /* Assets.xcassets in Resources */ = {isa = PBXBuildFile; fileRef = 128120D025A7FE59005C479F /* Assets.xcassets */; };
		128120D425A7FE59005C479F /* LaunchScreen.storyboard in Resources */ = {isa = PBXBuildFile; fileRef = 128120D225A7FE59005C479F /* LaunchScreen.storyboard */; };
		128120D725A7FE59005C479F /* main.m in Sources */ = {isa = PBXBuildFile; fileRef = 128120D625A7FE59005C479F /* main.m */; };
		128120EA25A7FEA5005C479F /* AppDelegate.m in Sources */ = {isa = PBXBuildFile; fileRef = 128120E925A7FEA5005C479F /* AppDelegate.m */; };
		128120ED25A7FEA5005C479F /* SceneDelegate.m in Sources */ = {isa = PBXBuildFile; fileRef = 128120EC25A7FEA5005C479F /* SceneDelegate.m */; };
		128120F025A7FEA5005C479F /* ViewController.m in Sources */ = {isa = PBXBuildFile; fileRef = 128120EF25A7FEA5005C479F /* ViewController.m */; };
		128120F325A7FEA5005C479F /* Main.storyboard in Resources */ = {isa = PBXBuildFile; fileRef = 128120F125A7FEA5005C479F /* Main.storyboard */; };
		128120F525A7FEA8005C479F /* Assets.xcassets in Resources */ = {isa = PBXBuildFile; fileRef = 128120F425A7FEA8005C479F /* Assets.xcassets */; };
		128120F825A7FEA8005C479F /* LaunchScreen.storyboard in Resources */ = {isa = PBXBuildFile; fileRef = 128120F625A7FEA8005C479F /* LaunchScreen.storyboard */; };
		128120FB25A7FEA8005C479F /* main.m in Sources */ = {isa = PBXBuildFile; fileRef = 128120FA25A7FEA8005C479F /* main.m */; };
		12A0D3BA2541977000C95C16 /* main.m in Sources */ = {isa = PBXBuildFile; fileRef = 12A0D3B92541977000C95C16 /* main.m */; };
		12A0D3F7254199A900C95C16 /* AppDelegate.m in Sources */ = {isa = PBXBuildFile; fileRef = 12A0D3F6254199A900C95C16 /* AppDelegate.m */; };
		12A0D3FA254199A900C95C16 /* SceneDelegate.m in Sources */ = {isa = PBXBuildFile; fileRef = 12A0D3F9254199A900C95C16 /* SceneDelegate.m */; };
		12A0D3FD254199A900C95C16 /* ViewController.m in Sources */ = {isa = PBXBuildFile; fileRef = 12A0D3FC254199A900C95C16 /* ViewController.m */; };
		12A0D400254199A900C95C16 /* Main.storyboard in Resources */ = {isa = PBXBuildFile; fileRef = 12A0D3FE254199A900C95C16 /* Main.storyboard */; };
		12A0D402254199AB00C95C16 /* Assets.xcassets in Resources */ = {isa = PBXBuildFile; fileRef = 12A0D401254199AB00C95C16 /* Assets.xcassets */; };
		12A0D405254199AB00C95C16 /* LaunchScreen.storyboard in Resources */ = {isa = PBXBuildFile; fileRef = 12A0D403254199AB00C95C16 /* LaunchScreen.storyboard */; };
		12A0D408254199AB00C95C16 /* main.m in Sources */ = {isa = PBXBuildFile; fileRef = 12A0D407254199AB00C95C16 /* main.m */; };
/* End PBXBuildFile section */

/* Begin PBXCopyFilesBuildPhase section */
		12A0D3B42541977000C95C16 /* CopyFiles */ = {
			isa = PBXCopyFilesBuildPhase;
			buildActionMask = 2147483647;
			dstPath = /usr/share/man/man1/;
			dstSubfolderSpec = 0;
			files = (
			);
			runOnlyForDeploymentPostprocessing = 1;
		};
/* End PBXCopyFilesBuildPhase section */

/* Begin PBXFileReference section */
		120969832553FC350075FF57 /* 02-面试题(打印结果).app */ = {isa = PBXFileReference; explicitFileType = wrapper.application; includeInIndex = 0; path = "02-面试题(打印结果).app"; sourceTree = BUILT_PRODUCTS_DIR; };
		120969852553FC350075FF57 /* AppDelegate.h */ = {isa = PBXFileReference; lastKnownFileType = sourcecode.c.h; path = AppDelegate.h; sourceTree = "<group>"; };
		120969862553FC350075FF57 /* AppDelegate.m */ = {isa = PBXFileReference; lastKnownFileType = sourcecode.c.objc; path = AppDelegate.m; sourceTree = "<group>"; };
		120969882553FC350075FF57 /* SceneDelegate.h */ = {isa = PBXFileReference; lastKnownFileType = sourcecode.c.h; path = SceneDelegate.h; sourceTree = "<group>"; };
		120969892553FC350075FF57 /* SceneDelegate.m */ = {isa = PBXFileReference; lastKnownFileType = sourcecode.c.objc; path = SceneDelegate.m; sourceTree = "<group>"; };
		1209698B2553FC350075FF57 /* ViewController.h */ = {isa = PBXFileReference; lastKnownFileType = sourcecode.c.h; path = ViewController.h; sourceTree = "<group>"; };
		1209698C2553FC350075FF57 /* ViewController.m */ = {isa = PBXFileReference; lastKnownFileType = sourcecode.c.objc; path = ViewController.m; sourceTree = "<group>"; };
		1209698F2553FC350075FF57 /* Base */ = {isa = PBXFileReference; lastKnownFileType = file.storyboard; name = Base; path = Base.lproj/Main.storyboard; sourceTree = "<group>"; };
		120969912553FC370075FF57 /* Assets.xcassets */ = {isa = PBXFileReference; lastKnownFileType = folder.assetcatalog; path = Assets.xcassets; sourceTree = "<group>"; };
		120969942553FC370075FF57 /* Base */ = {isa = PBXFileReference; lastKnownFileType = file.storyboard; name = Base; path = Base.lproj/LaunchScreen.storyboard; sourceTree = "<group>"; };
		120969962553FC370075FF57 /* Info.plist */ = {isa = PBXFileReference; lastKnownFileType = text.plist.xml; path = Info.plist; sourceTree = "<group>"; };
		120969972553FC370075FF57 /* main.m */ = {isa = PBXFileReference; lastKnownFileType = sourcecode.c.objc; path = main.m; sourceTree = "<group>"; };
		120969A525553A1C0075FF57 /* 03-group.app */ = {isa = PBXFileReference; explicitFileType = wrapper.application; includeInIndex = 0; path = "03-group.app"; sourceTree = BUILT_PRODUCTS_DIR; };
		120969A725553A1C0075FF57 /* AppDelegate.h */ = {isa = PBXFileReference; lastKnownFileType = sourcecode.c.h; path = AppDelegate.h; sourceTree = "<group>"; };
		120969A825553A1C0075FF57 /* AppDelegate.m */ = {isa = PBXFileReference; lastKnownFileType = sourcecode.c.objc; path = AppDelegate.m; sourceTree = "<group>"; };
		120969AA25553A1C0075FF57 /* SceneDelegate.h */ = {isa = PBXFileReference; lastKnownFileType = sourcecode.c.h; path = SceneDelegate.h; sourceTree = "<group>"; };
		120969AB25553A1C0075FF57 /* SceneDelegate.m */ = {isa = PBXFileReference; lastKnownFileType = sourcecode.c.objc; path = SceneDelegate.m; sourceTree = "<group>"; };
		120969AD25553A1C0075FF57 /* ViewController.h */ = {isa = PBXFileReference; lastKnownFileType = sourcecode.c.h; path = ViewController.h; sourceTree = "<group>"; };
		120969AE25553A1C0075FF57 /* ViewController.m */ = {isa = PBXFileReference; lastKnownFileType = sourcecode.c.objc; path = ViewController.m; sourceTree = "<group>"; };
		120969B125553A1C0075FF57 /* Base */ = {isa = PBXFileReference; lastKnownFileType = file.storyboard; name = Base; path = Base.lproj/Main.storyboard; sourceTree = "<group>"; };
		120969B325553A1E0075FF57 /* Assets.xcassets */ = {isa = PBXFileReference; lastKnownFileType = folder.assetcatalog; path = Assets.xcassets; sourceTree = "<group>"; };
		120969B625553A1E0075FF57 /* Base */ = {isa = PBXFileReference; lastKnownFileType = file.storyboard; name = Base; path = Base.lproj/LaunchScreen.storyboard; sourceTree = "<group>"; };
		120969B825553A1E0075FF57 /* Info.plist */ = {isa = PBXFileReference; lastKnownFileType = text.plist.xml; path = Info.plist; sourceTree = "<group>"; };
		120969B925553A1E0075FF57 /* main.m */ = {isa = PBXFileReference; lastKnownFileType = sourcecode.c.objc; path = main.m; sourceTree = "<group>"; };
		1281202D25A6A707005C479F /* 04-安全隐患.app */ = {isa = PBXFileReference; explicitFileType = wrapper.application; includeInIndex = 0; path = "04-安全隐患.app"; sourceTree = BUILT_PRODUCTS_DIR; };
		1281202F25A6A707005C479F /* AppDelegate.h */ = {isa = PBXFileReference; lastKnownFileType = sourcecode.c.h; path = AppDelegate.h; sourceTree = "<group>"; };
		1281203025A6A707005C479F /* AppDelegate.m */ = {isa = PBXFileReference; lastKnownFileType = sourcecode.c.objc; path = AppDelegate.m; sourceTree = "<group>"; };
		1281203225A6A707005C479F /* SceneDelegate.h */ = {isa = PBXFileReference; lastKnownFileType = sourcecode.c.h; path = SceneDelegate.h; sourceTree = "<group>"; };
		1281203325A6A707005C479F /* SceneDelegate.m */ = {isa = PBXFileReference; lastKnownFileType = sourcecode.c.objc; path = SceneDelegate.m; sourceTree = "<group>"; };
		1281203525A6A707005C479F /* ViewController.h */ = {isa = PBXFileReference; lastKnownFileType = sourcecode.c.h; path = ViewController.h; sourceTree = "<group>"; };
		1281203625A6A707005C479F /* ViewController.m */ = {isa = PBXFileReference; lastKnownFileType = sourcecode.c.objc; path = ViewController.m; sourceTree = "<group>"; };
		1281203925A6A707005C479F /* Base */ = {isa = PBXFileReference; lastKnownFileType = file.storyboard; name = Base; path = Base.lproj/Main.storyboard; sourceTree = "<group>"; };
		1281203B25A6A70A005C479F /* Assets.xcassets */ = {isa = PBXFileReference; lastKnownFileType = folder.assetcatalog; path = Assets.xcassets; sourceTree = "<group>"; };
		1281203E25A6A70A005C479F /* Base */ = {isa = PBXFileReference; lastKnownFileType = file.storyboard; name = Base; path = Base.lproj/LaunchScreen.storyboard; sourceTree = "<group>"; };
		1281204025A6A70A005C479F /* Info.plist */ = {isa = PBXFileReference; lastKnownFileType = text.plist.xml; path = Info.plist; sourceTree = "<group>"; };
		1281204125A6A70A005C479F /* main.m */ = {isa = PBXFileReference; lastKnownFileType = sourcecode.c.objc; path = main.m; sourceTree = "<group>"; };
		1281204F25A6A82A005C479F /* 05-线程同步(Lock).app */ = {isa = PBXFileReference; explicitFileType = wrapper.application; includeInIndex = 0; path = "05-线程同步(Lock).app"; sourceTree = BUILT_PRODUCTS_DIR; };
		1281205125A6A82A005C479F /* AppDelegate.h */ = {isa = PBXFileReference; lastKnownFileType = sourcecode.c.h; path = AppDelegate.h; sourceTree = "<group>"; };
		1281205225A6A82A005C479F /* AppDelegate.m */ = {isa = PBXFileReference; lastKnownFileType = sourcecode.c.objc; path = AppDelegate.m; sourceTree = "<group>"; };
		1281205425A6A82A005C479F /* SceneDelegate.h */ = {isa = PBXFileReference; lastKnownFileType = sourcecode.c.h; path = SceneDelegate.h; sourceTree = "<group>"; };
		1281205525A6A82A005C479F /* SceneDelegate.m */ = {isa = PBXFileReference; lastKnownFileType = sourcecode.c.objc; path = SceneDelegate.m; sourceTree = "<group>"; };
		1281205725A6A82A005C479F /* ViewController.h */ = {isa = PBXFileReference; lastKnownFileType = sourcecode.c.h; path = ViewController.h; sourceTree = "<group>"; };
		1281205825A6A82A005C479F /* ViewController.m */ = {isa = PBXFileReference; lastKnownFileType = sourcecode.c.objc; path = ViewController.m; sourceTree = "<group>"; };
		1281205B25A6A82A005C479F /* Base */ = {isa = PBXFileReference; lastKnownFileType = file.storyboard; name = Base; path = Base.lproj/Main.storyboard; sourceTree = "<group>"; };
		1281205D25A6A82D005C479F /* Assets.xcassets */ = {isa = PBXFileReference; lastKnownFileType = folder.assetcatalog; path = Assets.xcassets; sourceTree = "<group>"; };
		1281206025A6A82D005C479F /* Base */ = {isa = PBXFileReference; lastKnownFileType = file.storyboard; name = Base; path = Base.lproj/LaunchScreen.storyboard; sourceTree = "<group>"; };
		1281206225A6A82D005C479F /* Info.plist */ = {isa = PBXFileReference; lastKnownFileType = text.plist.xml; path = Info.plist; sourceTree = "<group>"; };
		1281206325A6A82D005C479F /* main.m */ = {isa = PBXFileReference; lastKnownFileType = sourcecode.c.objc; path = main.m; sourceTree = "<group>"; };
		1281207025A707C9005C479F /* NSConditionDemo.m */ = {isa = PBXFileReference; fileEncoding = 4; lastKnownFileType = sourcecode.c.objc; path = NSConditionDemo.m; sourceTree = "<group>"; };
		1281207125A707C9005C479F /* NSConditionLockDemo.m */ = {isa = PBXFileReference; fileEncoding = 4; lastKnownFileType = sourcecode.c.objc; path = NSConditionLockDemo.m; sourceTree = "<group>"; };
		1281207225A707C9005C479F /* NSRecursiveLockDemo.h */ = {isa = PBXFileReference; fileEncoding = 4; lastKnownFileType = sourcecode.c.h; path = NSRecursiveLockDemo.h; sourceTree = "<group>"; };
		1281207325A707C9005C479F /* NSLockDemo.m */ = {isa = PBXFileReference; fileEncoding = 4; lastKnownFileType = sourcecode.c.objc; path = NSLockDemo.m; sourceTree = "<group>"; };
		1281207425A707C9005C479F /* NSConditionLockDemo.h */ = {isa = PBXFileReference; fileEncoding = 4; lastKnownFileType = sourcecode.c.h; path = NSConditionLockDemo.h; sourceTree = "<group>"; };
		1281207525A707C9005C479F /* NSConditionDemo.h */ = {isa = PBXFileReference; fileEncoding = 4; lastKnownFileType = sourcecode.c.h; path = NSConditionDemo.h; sourceTree = "<group>"; };
		1281207625A707C9005C479F /* NSLockDemo.h */ = {isa = PBXFileReference; fileEncoding = 4; lastKnownFileType = sourcecode.c.h; path = NSLockDemo.h; sourceTree = "<group>"; };
		1281207725A707C9005C479F /* NSRecursiveLockDemo.m */ = {isa = PBXFileReference; fileEncoding = 4; lastKnownFileType = sourcecode.c.objc; path = NSRecursiveLockDemo.m; sourceTree = "<group>"; };
		1281207925A707C9005C479F /* SynchronizedDemo.m */ = {isa = PBXFileReference; fileEncoding = 4; lastKnownFileType = sourcecode.c.objc; path = SynchronizedDemo.m; sourceTree = "<group>"; };
		1281207A25A707C9005C479F /* SynchronizedDemo.h */ = {isa = PBXFileReference; fileEncoding = 4; lastKnownFileType = sourcecode.c.h; path = SynchronizedDemo.h; sourceTree = "<group>"; };
		1281207C25A707C9005C479F /* OSSpinLockDemo02.h */ = {isa = PBXFileReference; fileEncoding = 4; lastKnownFileType = sourcecode.c.h; path = OSSpinLockDemo02.h; sourceTree = "<group>"; };
		1281207D25A707C9005C479F /* OSSpinLockDemo01.h */ = {isa = PBXFileReference; fileEncoding = 4; lastKnownFileType = sourcecode.c.h; path = OSSpinLockDemo01.h; sourceTree = "<group>"; };
		1281207E25A707C9005C479F /* OSSpinLockDemo02.m */ = {isa = PBXFileReference; fileEncoding = 4; lastKnownFileType = sourcecode.c.objc; path = OSSpinLockDemo02.m; sourceTree = "<group>"; };
		1281207F25A707C9005C479F /* OSSpinLockDemo01.m */ = {isa = PBXFileReference; fileEncoding = 4; lastKnownFileType = sourcecode.c.objc; path = OSSpinLockDemo01.m; sourceTree = "<group>"; };
		1281208025A707C9005C479F /* ADBaseDemo.m */ = {isa = PBXFileReference; fileEncoding = 4; lastKnownFileType = sourcecode.c.objc; path = ADBaseDemo.m; sourceTree = "<group>"; };
		1281208225A707C9005C479F /* MutexDemo.m */ = {isa = PBXFileReference; fileEncoding = 4; lastKnownFileType = sourcecode.c.objc; path = MutexDemo.m; sourceTree = "<group>"; };
		1281208325A707C9005C479F /* MutexDemo03.m */ = {isa = PBXFileReference; fileEncoding = 4; lastKnownFileType = sourcecode.c.objc; path = MutexDemo03.m; sourceTree = "<group>"; };
		1281208425A707C9005C479F /* MutexDemo02.h */ = {isa = PBXFileReference; fileEncoding = 4; lastKnownFileType = sourcecode.c.h; path = MutexDemo02.h; sourceTree = "<group>"; };
		1281208525A707C9005C479F /* MutexDemo03.h */ = {isa = PBXFileReference; fileEncoding = 4; lastKnownFileType = sourcecode.c.h; path = MutexDemo03.h; sourceTree = "<group>"; };
		1281208625A707C9005C479F /* MutexDemo.h */ = {isa = PBXFileReference; fileEncoding = 4; lastKnownFileType = sourcecode.c.h; path = MutexDemo.h; sourceTree = "<group>"; };
		1281208725A707C9005C479F /* MutexDemo02.m */ = {isa = PBXFileReference; fileEncoding = 4; lastKnownFileType = sourcecode.c.objc; path = MutexDemo02.m; sourceTree = "<group>"; };
		1281208925A707C9005C479F /* GCDSerialQueueDemo.h */ = {isa = PBXFileReference; fileEncoding = 4; lastKnownFileType = sourcecode.c.h; path = GCDSerialQueueDemo.h; sourceTree = "<group>"; };
		1281208A25A707C9005C479F /* GCDSerialQueueDemo.m */ = {isa = PBXFileReference; fileEncoding = 4; lastKnownFileType = sourcecode.c.objc; path = GCDSerialQueueDemo.m; sourceTree = "<group>"; };
		1281208C25A707C9005C479F /* OSUnfairLockDemo.m */ = {isa = PBXFileReference; fileEncoding = 4; lastKnownFileType = sourcecode.c.objc; path = OSUnfairLockDemo.m; sourceTree = "<group>"; };
		1281208D25A707C9005C479F /* OSUnfairLockDemo.h */ = {isa = PBXFileReference; fileEncoding = 4; lastKnownFileType = sourcecode.c.h; path = OSUnfairLockDemo.h; sourceTree = "<group>"; };
		1281208F25A707C9005C479F /* GCDSemaphoreDemo.h */ = {isa = PBXFileReference; fileEncoding = 4; lastKnownFileType = sourcecode.c.h; path = GCDSemaphoreDemo.h; sourceTree = "<group>"; };
		1281209025A707C9005C479F /* GCDSemaphoreDemo.m */ = {isa = PBXFileReference; fileEncoding = 4; lastKnownFileType = sourcecode.c.objc; path = GCDSemaphoreDemo.m; sourceTree = "<group>"; };
		1281209125A707C9005C479F /* ADBaseDemo.h */ = {isa = PBXFileReference; fileEncoding = 4; lastKnownFileType = sourcecode.c.h; path = ADBaseDemo.h; sourceTree = "<group>"; };
		128120C225A7FE56005C479F /* 06-读写安全(rwlock).app */ = {isa = PBXFileReference; explicitFileType = wrapper.application; includeInIndex = 0; path = "06-读写安全(rwlock).app"; sourceTree = BUILT_PRODUCTS_DIR; };
		128120C425A7FE56005C479F /* AppDelegate.h */ = {isa = PBXFileReference; lastKnownFileType = sourcecode.c.h; path = AppDelegate.h; sourceTree = "<group>"; };
		128120C525A7FE56005C479F /* AppDelegate.m */ = {isa = PBXFileReference; lastKnownFileType = sourcecode.c.objc; path = AppDelegate.m; sourceTree = "<group>"; };
		128120C725A7FE56005C479F /* SceneDelegate.h */ = {isa = PBXFileReference; lastKnownFileType = sourcecode.c.h; path = SceneDelegate.h; sourceTree = "<group>"; };
		128120C825A7FE56005C479F /* SceneDelegate.m */ = {isa = PBXFileReference; lastKnownFileType = sourcecode.c.objc; path = SceneDelegate.m; sourceTree = "<group>"; };
		128120CA25A7FE56005C479F /* ViewController.h */ = {isa = PBXFileReference; lastKnownFileType = sourcecode.c.h; path = ViewController.h; sourceTree = "<group>"; };
		128120CB25A7FE56005C479F /* ViewController.m */ = {isa = PBXFileReference; lastKnownFileType = sourcecode.c.objc; path = ViewController.m; sourceTree = "<group>"; };
		128120CE25A7FE56005C479F /* Base */ = {isa = PBXFileReference; lastKnownFileType = file.storyboard; name = Base; path = Base.lproj/Main.storyboard; sourceTree = "<group>"; };
		128120D025A7FE59005C479F /* Assets.xcassets */ = {isa = PBXFileReference; lastKnownFileType = folder.assetcatalog; path = Assets.xcassets; sourceTree = "<group>"; };
		128120D325A7FE59005C479F /* Base */ = {isa = PBXFileReference; lastKnownFileType = file.storyboard; name = Base; path = Base.lproj/LaunchScreen.storyboard; sourceTree = "<group>"; };
		128120D525A7FE59005C479F /* Info.plist */ = {isa = PBXFileReference; lastKnownFileType = text.plist.xml; path = Info.plist; sourceTree = "<group>"; };
		128120D625A7FE59005C479F /* main.m */ = {isa = PBXFileReference; lastKnownFileType = sourcecode.c.objc; path = main.m; sourceTree = "<group>"; };
		128120E625A7FEA5005C479F /* 07-读写安全(GCD-barrier).app */ = {isa = PBXFileReference; explicitFileType = wrapper.application; includeInIndex = 0; path = "07-读写安全(GCD-barrier).app"; sourceTree = BUILT_PRODUCTS_DIR; };
		128120E825A7FEA5005C479F /* AppDelegate.h */ = {isa = PBXFileReference; lastKnownFileType = sourcecode.c.h; path = AppDelegate.h; sourceTree = "<group>"; };
		128120E925A7FEA5005C479F /* AppDelegate.m */ = {isa = PBXFileReference; lastKnownFileType = sourcecode.c.objc; path = AppDelegate.m; sourceTree = "<group>"; };
		128120EB25A7FEA5005C479F /* SceneDelegate.h */ = {isa = PBXFileReference; lastKnownFileType = sourcecode.c.h; path = SceneDelegate.h; sourceTree = "<group>"; };
		128120EC25A7FEA5005C479F /* SceneDelegate.m */ = {isa = PBXFileReference; lastKnownFileType = sourcecode.c.objc; path = SceneDelegate.m; sourceTree = "<group>"; };
		128120EE25A7FEA5005C479F /* ViewController.h */ = {isa = PBXFileReference; lastKnownFileType = sourcecode.c.h; path = ViewController.h; sourceTree = "<group>"; };
		128120EF25A7FEA5005C479F /* ViewController.m */ = {isa = PBXFileReference; lastKnownFileType = sourcecode.c.objc; path = ViewController.m; sourceTree = "<group>"; };
		128120F225A7FEA5005C479F /* Base */ = {isa = PBXFileReference; lastKnownFileType = file.storyboard; name = Base; path = Base.lproj/Main.storyboard; sourceTree = "<group>"; };
		128120F425A7FEA8005C479F /* Assets.xcassets */ = {isa = PBXFileReference; lastKnownFileType = folder.assetcatalog; path = Assets.xcassets; sourceTree = "<group>"; };
		128120F725A7FEA8005C479F /* Base */ = {isa = PBXFileReference; lastKnownFileType = file.storyboard; name = Base; path = Base.lproj/LaunchScreen.storyboard; sourceTree = "<group>"; };
		128120F925A7FEA8005C479F /* Info.plist */ = {isa = PBXFileReference; lastKnownFileType = text.plist.xml; path = Info.plist; sourceTree = "<group>"; };
		128120FA25A7FEA8005C479F /* main.m */ = {isa = PBXFileReference; lastKnownFileType = sourcecode.c.objc; path = main.m; sourceTree = "<group>"; };
		12A0D3B62541977000C95C16 /* 多线程 */ = {isa = PBXFileReference; explicitFileType = "compiled.mach-o.executable"; includeInIndex = 0; path = "多线程"; sourceTree = BUILT_PRODUCTS_DIR; };
		12A0D3B92541977000C95C16 /* main.m */ = {isa = PBXFileReference; lastKnownFileType = sourcecode.c.objc; path = main.m; sourceTree = "<group>"; };
		12A0D3F3254199A900C95C16 /* 01-GCD死锁.app */ = {isa = PBXFileReference; explicitFileType = wrapper.application; includeInIndex = 0; path = "01-GCD死锁.app"; sourceTree = BUILT_PRODUCTS_DIR; };
		12A0D3F5254199A900C95C16 /* AppDelegate.h */ = {isa = PBXFileReference; lastKnownFileType = sourcecode.c.h; path = AppDelegate.h; sourceTree = "<group>"; };
		12A0D3F6254199A900C95C16 /* AppDelegate.m */ = {isa = PBXFileReference; lastKnownFileType = sourcecode.c.objc; path = AppDelegate.m; sourceTree = "<group>"; };
		12A0D3F8254199A900C95C16 /* SceneDelegate.h */ = {isa = PBXFileReference; lastKnownFileType = sourcecode.c.h; path = SceneDelegate.h; sourceTree = "<group>"; };
		12A0D3F9254199A900C95C16 /* SceneDelegate.m */ = {isa = PBXFileReference; lastKnownFileType = sourcecode.c.objc; path = SceneDelegate.m; sourceTree = "<group>"; };
		12A0D3FB254199A900C95C16 /* ViewController.h */ = {isa = PBXFileReference; lastKnownFileType = sourcecode.c.h; path = ViewController.h; sourceTree = "<group>"; };
		12A0D3FC254199A900C95C16 /* ViewController.m */ = {isa = PBXFileReference; lastKnownFileType = sourcecode.c.objc; path = ViewController.m; sourceTree = "<group>"; };
		12A0D3FF254199A900C95C16 /* Base */ = {isa = PBXFileReference; lastKnownFileType = file.storyboard; name = Base; path = Base.lproj/Main.storyboard; sourceTree = "<group>"; };
		12A0D401254199AB00C95C16 /* Assets.xcassets */ = {isa = PBXFileReference; lastKnownFileType = folder.assetcatalog; path = Assets.xcassets; sourceTree = "<group>"; };
		12A0D404254199AB00C95C16 /* Base */ = {isa = PBXFileReference; lastKnownFileType = file.storyboard; name = Base; path = Base.lproj/LaunchScreen.storyboard; sourceTree = "<group>"; };
		12A0D406254199AB00C95C16 /* Info.plist */ = {isa = PBXFileReference; lastKnownFileType = text.plist.xml; path = Info.plist; sourceTree = "<group>"; };
		12A0D407254199AB00C95C16 /* main.m */ = {isa = PBXFileReference; lastKnownFileType = sourcecode.c.objc; path = main.m; sourceTree = "<group>"; };
/* End PBXFileReference section */

/* Begin PBXFrameworksBuildPhase section */
		120969802553FC350075FF57 /* Frameworks */ = {
			isa = PBXFrameworksBuildPhase;
			buildActionMask = 2147483647;
			files = (
			);
			runOnlyForDeploymentPostprocessing = 0;
		};
		120969A225553A1C0075FF57 /* Frameworks */ = {
			isa = PBXFrameworksBuildPhase;
			buildActionMask = 2147483647;
			files = (
			);
			runOnlyForDeploymentPostprocessing = 0;
		};
		1281202A25A6A707005C479F /* Frameworks */ = {
			isa = PBXFrameworksBuildPhase;
			buildActionMask = 2147483647;
			files = (
			);
			runOnlyForDeploymentPostprocessing = 0;
		};
		1281204C25A6A82A005C479F /* Frameworks */ = {
			isa = PBXFrameworksBuildPhase;
			buildActionMask = 2147483647;
			files = (
			);
			runOnlyForDeploymentPostprocessing = 0;
		};
		128120BF25A7FE56005C479F /* Frameworks */ = {
			isa = PBXFrameworksBuildPhase;
			buildActionMask = 2147483647;
			files = (
			);
			runOnlyForDeploymentPostprocessing = 0;
		};
		128120E325A7FEA5005C479F /* Frameworks */ = {
			isa = PBXFrameworksBuildPhase;
			buildActionMask = 2147483647;
			files = (
			);
			runOnlyForDeploymentPostprocessing = 0;
		};
		12A0D3B32541977000C95C16 /* Frameworks */ = {
			isa = PBXFrameworksBuildPhase;
			buildActionMask = 2147483647;
			files = (
			);
			runOnlyForDeploymentPostprocessing = 0;
		};
		12A0D3F0254199A900C95C16 /* Frameworks */ = {
			isa = PBXFrameworksBuildPhase;
			buildActionMask = 2147483647;
			files = (
			);
			runOnlyForDeploymentPostprocessing = 0;
		};
/* End PBXFrameworksBuildPhase section */

/* Begin PBXGroup section */
		120969842553FC350075FF57 /* 02-面试题(打印结果) */ = {
			isa = PBXGroup;
			children = (
				120969852553FC350075FF57 /* AppDelegate.h */,
				120969862553FC350075FF57 /* AppDelegate.m */,
				120969882553FC350075FF57 /* SceneDelegate.h */,
				120969892553FC350075FF57 /* SceneDelegate.m */,
				1209698B2553FC350075FF57 /* ViewController.h */,
				1209698C2553FC350075FF57 /* ViewController.m */,
				1209698E2553FC350075FF57 /* Main.storyboard */,
				120969912553FC370075FF57 /* Assets.xcassets */,
				120969932553FC370075FF57 /* LaunchScreen.storyboard */,
				120969962553FC370075FF57 /* Info.plist */,
				120969972553FC370075FF57 /* main.m */,
			);
			path = "02-面试题(打印结果)";
			sourceTree = "<group>";
		};
		120969A625553A1C0075FF57 /* 03-group */ = {
			isa = PBXGroup;
			children = (
				120969A725553A1C0075FF57 /* AppDelegate.h */,
				120969A825553A1C0075FF57 /* AppDelegate.m */,
				120969AA25553A1C0075FF57 /* SceneDelegate.h */,
				120969AB25553A1C0075FF57 /* SceneDelegate.m */,
				120969AD25553A1C0075FF57 /* ViewController.h */,
				120969AE25553A1C0075FF57 /* ViewController.m */,
				120969B025553A1C0075FF57 /* Main.storyboard */,
				120969B325553A1E0075FF57 /* Assets.xcassets */,
				120969B525553A1E0075FF57 /* LaunchScreen.storyboard */,
				120969B825553A1E0075FF57 /* Info.plist */,
				120969B925553A1E0075FF57 /* main.m */,
			);
			path = "03-group";
			sourceTree = "<group>";
		};
		1281202E25A6A707005C479F /* 04-安全隐患 */ = {
			isa = PBXGroup;
			children = (
				1281202F25A6A707005C479F /* AppDelegate.h */,
				1281203025A6A707005C479F /* AppDelegate.m */,
				1281203225A6A707005C479F /* SceneDelegate.h */,
				1281203325A6A707005C479F /* SceneDelegate.m */,
				1281203525A6A707005C479F /* ViewController.h */,
				1281203625A6A707005C479F /* ViewController.m */,
				1281203825A6A707005C479F /* Main.storyboard */,
				1281203B25A6A70A005C479F /* Assets.xcassets */,
				1281203D25A6A70A005C479F /* LaunchScreen.storyboard */,
				1281204025A6A70A005C479F /* Info.plist */,
				1281204125A6A70A005C479F /* main.m */,
			);
			path = "04-安全隐患";
			sourceTree = "<group>";
		};
		1281205025A6A82A005C479F /* 05-线程同步(Lock) */ = {
			isa = PBXGroup;
			children = (
				1281206E25A707C9005C479F /* Locks */,
				1281205125A6A82A005C479F /* AppDelegate.h */,
				1281205225A6A82A005C479F /* AppDelegate.m */,
				1281205425A6A82A005C479F /* SceneDelegate.h */,
				1281205525A6A82A005C479F /* SceneDelegate.m */,
				1281205725A6A82A005C479F /* ViewController.h */,
				1281205825A6A82A005C479F /* ViewController.m */,
				1281205A25A6A82A005C479F /* Main.storyboard */,
				1281205D25A6A82D005C479F /* Assets.xcassets */,
				1281205F25A6A82D005C479F /* LaunchScreen.storyboard */,
				1281206225A6A82D005C479F /* Info.plist */,
				1281206325A6A82D005C479F /* main.m */,
			);
			path = "05-线程同步(Lock)";
			sourceTree = "<group>";
		};
		1281206E25A707C9005C479F /* Locks */ = {
			isa = PBXGroup;
			children = (
				1281207B25A707C9005C479F /* 01-自旋锁OSSpinLock */,
				1281208B25A707C9005C479F /* 02-互斥锁OSUnfairLock */,
				1281208125A707C9005C479F /* 03-互斥锁Mutex-C语言 */,
				1281206F25A707C9005C479F /* 04-互斥锁Mutex-OC语言 */,
				1281208825A707C9005C479F /* 05-GCD-串行队列 */,
				1281208E25A707C9005C479F /* 06-GCD-信号量 */,
				1281207825A707C9005C479F /* 07-递归锁Synchronized */,
				1281209125A707C9005C479F /* ADBaseDemo.h */,
				1281208025A707C9005C479F /* ADBaseDemo.m */,
			);
			path = Locks;
			sourceTree = "<group>";
		};
		1281206F25A707C9005C479F /* 04-互斥锁Mutex-OC语言 */ = {
			isa = PBXGroup;
			children = (
				1281207625A707C9005C479F /* NSLockDemo.h */,
				1281207325A707C9005C479F /* NSLockDemo.m */,
				1281207525A707C9005C479F /* NSConditionDemo.h */,
				1281207025A707C9005C479F /* NSConditionDemo.m */,
				1281207425A707C9005C479F /* NSConditionLockDemo.h */,
				1281207125A707C9005C479F /* NSConditionLockDemo.m */,
				1281207225A707C9005C479F /* NSRecursiveLockDemo.h */,
				1281207725A707C9005C479F /* NSRecursiveLockDemo.m */,
			);
			path = "04-互斥锁Mutex-OC语言";
			sourceTree = "<group>";
		};
		1281207825A707C9005C479F /* 07-递归锁Synchronized */ = {
			isa = PBXGroup;
			children = (
				1281207A25A707C9005C479F /* SynchronizedDemo.h */,
				1281207925A707C9005C479F /* SynchronizedDemo.m */,
			);
			path = "07-递归锁Synchronized";
			sourceTree = "<group>";
		};
		1281207B25A707C9005C479F /* 01-自旋锁OSSpinLock */ = {
			isa = PBXGroup;
			children = (
				1281207D25A707C9005C479F /* OSSpinLockDemo01.h */,
				1281207F25A707C9005C479F /* OSSpinLockDemo01.m */,
				1281207C25A707C9005C479F /* OSSpinLockDemo02.h */,
				1281207E25A707C9005C479F /* OSSpinLockDemo02.m */,
			);
			path = "01-自旋锁OSSpinLock";
			sourceTree = "<group>";
		};
		1281208125A707C9005C479F /* 03-互斥锁Mutex-C语言 */ = {
			isa = PBXGroup;
			children = (
				1281208625A707C9005C479F /* MutexDemo.h */,
				1281208225A707C9005C479F /* MutexDemo.m */,
				1281208425A707C9005C479F /* MutexDemo02.h */,
				1281208725A707C9005C479F /* MutexDemo02.m */,
				1281208525A707C9005C479F /* MutexDemo03.h */,
				1281208325A707C9005C479F /* MutexDemo03.m */,
			);
			path = "03-互斥锁Mutex-C语言";
			sourceTree = "<group>";
		};
		1281208825A707C9005C479F /* 05-GCD-串行队列 */ = {
			isa = PBXGroup;
			children = (
				1281208925A707C9005C479F /* GCDSerialQueueDemo.h */,
				1281208A25A707C9005C479F /* GCDSerialQueueDemo.m */,
			);
			path = "05-GCD-串行队列";
			sourceTree = "<group>";
		};
		1281208B25A707C9005C479F /* 02-互斥锁OSUnfairLock */ = {
			isa = PBXGroup;
			children = (
				1281208D25A707C9005C479F /* OSUnfairLockDemo.h */,
				1281208C25A707C9005C479F /* OSUnfairLockDemo.m */,
			);
			path = "02-互斥锁OSUnfairLock";
			sourceTree = "<group>";
		};
		1281208E25A707C9005C479F /* 06-GCD-信号量 */ = {
			isa = PBXGroup;
			children = (
				1281208F25A707C9005C479F /* GCDSemaphoreDemo.h */,
				1281209025A707C9005C479F /* GCDSemaphoreDemo.m */,
			);
			path = "06-GCD-信号量";
			sourceTree = "<group>";
		};
		128120C325A7FE56005C479F /* 06-读写安全(rwlock) */ = {
			isa = PBXGroup;
			children = (
				128120C425A7FE56005C479F /* AppDelegate.h */,
				128120C525A7FE56005C479F /* AppDelegate.m */,
				128120C725A7FE56005C479F /* SceneDelegate.h */,
				128120C825A7FE56005C479F /* SceneDelegate.m */,
				128120CA25A7FE56005C479F /* ViewController.h */,
				128120CB25A7FE56005C479F /* ViewController.m */,
				128120CD25A7FE56005C479F /* Main.storyboard */,
				128120D025A7FE59005C479F /* Assets.xcassets */,
				128120D225A7FE59005C479F /* LaunchScreen.storyboard */,
				128120D525A7FE59005C479F /* Info.plist */,
				128120D625A7FE59005C479F /* main.m */,
			);
			path = "06-读写安全(rwlock)";
			sourceTree = "<group>";
		};
		128120E725A7FEA5005C479F /* 07-读写安全(GCD-barrier) */ = {
			isa = PBXGroup;
			children = (
				128120E825A7FEA5005C479F /* AppDelegate.h */,
				128120E925A7FEA5005C479F /* AppDelegate.m */,
				128120EB25A7FEA5005C479F /* SceneDelegate.h */,
				128120EC25A7FEA5005C479F /* SceneDelegate.m */,
				128120EE25A7FEA5005C479F /* ViewController.h */,
				128120EF25A7FEA5005C479F /* ViewController.m */,
				128120F125A7FEA5005C479F /* Main.storyboard */,
				128120F425A7FEA8005C479F /* Assets.xcassets */,
				128120F625A7FEA8005C479F /* LaunchScreen.storyboard */,
				128120F925A7FEA8005C479F /* Info.plist */,
				128120FA25A7FEA8005C479F /* main.m */,
			);
			path = "07-读写安全(GCD-barrier)";
			sourceTree = "<group>";
		};
		12A0D3AD2541977000C95C16 = {
			isa = PBXGroup;
			children = (
				12A0D3B82541977000C95C16 /* 多线程 */,
				12A0D3F4254199A900C95C16 /* 01-GCD死锁 */,
				120969842553FC350075FF57 /* 02-面试题(打印结果) */,
				120969A625553A1C0075FF57 /* 03-group */,
				1281202E25A6A707005C479F /* 04-安全隐患 */,
				1281205025A6A82A005C479F /* 05-线程同步(Lock) */,
				128120C325A7FE56005C479F /* 06-读写安全(rwlock) */,
				128120E725A7FEA5005C479F /* 07-读写安全(GCD-barrier) */,
				12A0D3B72541977000C95C16 /* Products */,
			);
			sourceTree = "<group>";
		};
		12A0D3B72541977000C95C16 /* Products */ = {
			isa = PBXGroup;
			children = (
				12A0D3B62541977000C95C16 /* 多线程 */,
				12A0D3F3254199A900C95C16 /* 01-GCD死锁.app */,
				120969832553FC350075FF57 /* 02-面试题(打印结果).app */,
				120969A525553A1C0075FF57 /* 03-group.app */,
				1281202D25A6A707005C479F /* 04-安全隐患.app */,
				1281204F25A6A82A005C479F /* 05-线程同步(Lock).app */,
				128120C225A7FE56005C479F /* 06-读写安全(rwlock).app */,
				128120E625A7FEA5005C479F /* 07-读写安全(GCD-barrier).app */,
			);
			name = Products;
			sourceTree = "<group>";
		};
		12A0D3B82541977000C95C16 /* 多线程 */ = {
			isa = PBXGroup;
			children = (
				12A0D3B92541977000C95C16 /* main.m */,
			);
			path = "多线程";
			sourceTree = "<group>";
		};
		12A0D3F4254199A900C95C16 /* 01-GCD死锁 */ = {
			isa = PBXGroup;
			children = (
				12A0D3F5254199A900C95C16 /* AppDelegate.h */,
				12A0D3F6254199A900C95C16 /* AppDelegate.m */,
				12A0D3F8254199A900C95C16 /* SceneDelegate.h */,
				12A0D3F9254199A900C95C16 /* SceneDelegate.m */,
				12A0D3FB254199A900C95C16 /* ViewController.h */,
				12A0D3FC254199A900C95C16 /* ViewController.m */,
				12A0D3FE254199A900C95C16 /* Main.storyboard */,
				12A0D401254199AB00C95C16 /* Assets.xcassets */,
				12A0D403254199AB00C95C16 /* LaunchScreen.storyboard */,
				12A0D406254199AB00C95C16 /* Info.plist */,
				12A0D407254199AB00C95C16 /* main.m */,
			);
			path = "01-GCD死锁";
			sourceTree = "<group>";
		};
/* End PBXGroup section */

/* Begin PBXNativeTarget section */
		120969822553FC350075FF57 /* 02-面试题(打印结果) */ = {
			isa = PBXNativeTarget;
			buildConfigurationList = 1209699B2553FC370075FF57 /* Build configuration list for PBXNativeTarget "02-面试题(打印结果)" */;
			buildPhases = (
				1209697F2553FC350075FF57 /* Sources */,
				120969802553FC350075FF57 /* Frameworks */,
				120969812553FC350075FF57 /* Resources */,
			);
			buildRules = (
			);
			dependencies = (
			);
			name = "02-面试题(打印结果)";
			productName = "02-面试题(打印结果)";
			productReference = 120969832553FC350075FF57 /* 02-面试题(打印结果).app */;
			productType = "com.apple.product-type.application";
		};
		120969A425553A1C0075FF57 /* 03-group */ = {
			isa = PBXNativeTarget;
			buildConfigurationList = 120969BB25553A1E0075FF57 /* Build configuration list for PBXNativeTarget "03-group" */;
			buildPhases = (
				120969A125553A1C0075FF57 /* Sources */,
				120969A225553A1C0075FF57 /* Frameworks */,
				120969A325553A1C0075FF57 /* Resources */,
			);
			buildRules = (
			);
			dependencies = (
			);
			name = "03-group";
			productName = "03-group";
			productReference = 120969A525553A1C0075FF57 /* 03-group.app */;
			productType = "com.apple.product-type.application";
		};
		1281202C25A6A707005C479F /* 04-安全隐患 */ = {
			isa = PBXNativeTarget;
			buildConfigurationList = 1281204525A6A70B005C479F /* Build configuration list for PBXNativeTarget "04-安全隐患" */;
			buildPhases = (
				1281202925A6A707005C479F /* Sources */,
				1281202A25A6A707005C479F /* Frameworks */,
				1281202B25A6A707005C479F /* Resources */,
			);
			buildRules = (
			);
			dependencies = (
			);
			name = "04-安全隐患";
			productName = "04-安全隐患";
			productReference = 1281202D25A6A707005C479F /* 04-安全隐患.app */;
			productType = "com.apple.product-type.application";
		};
		1281204E25A6A82A005C479F /* 05-线程同步(Lock) */ = {
			isa = PBXNativeTarget;
			buildConfigurationList = 1281206525A6A82D005C479F /* Build configuration list for PBXNativeTarget "05-线程同步(Lock)" */;
			buildPhases = (
				1281204B25A6A82A005C479F /* Sources */,
				1281204C25A6A82A005C479F /* Frameworks */,
				1281204D25A6A82A005C479F /* Resources */,
			);
			buildRules = (
			);
			dependencies = (
			);
			name = "05-线程同步(Lock)";
			productName = "05-线程同步(Lock)";
			productReference = 1281204F25A6A82A005C479F /* 05-线程同步(Lock).app */;
			productType = "com.apple.product-type.application";
		};
		128120C125A7FE56005C479F /* 06-读写安全(rwlock) */ = {
			isa = PBXNativeTarget;
			buildConfigurationList = 128120D825A7FE59005C479F /* Build configuration list for PBXNativeTarget "06-读写安全(rwlock)" */;
			buildPhases = (
				128120BE25A7FE56005C479F /* Sources */,
				128120BF25A7FE56005C479F /* Frameworks */,
				128120C025A7FE56005C479F /* Resources */,
			);
			buildRules = (
			);
			dependencies = (
			);
			name = "06-读写安全(rwlock)";
			productName = "06-读写安全(rwlock)";
			productReference = 128120C225A7FE56005C479F /* 06-读写安全(rwlock).app */;
			productType = "com.apple.product-type.application";
		};
		128120E525A7FEA5005C479F /* 07-读写安全(GCD-barrier) */ = {
			isa = PBXNativeTarget;
			buildConfigurationList = 128120FC25A7FEA8005C479F /* Build configuration list for PBXNativeTarget "07-读写安全(GCD-barrier)" */;
			buildPhases = (
				128120E225A7FEA5005C479F /* Sources */,
				128120E325A7FEA5005C479F /* Frameworks */,
				128120E425A7FEA5005C479F /* Resources */,
			);
			buildRules = (
			);
			dependencies = (
			);
			name = "07-读写安全(GCD-barrier)";
			productName = "07-读写安全(GCD-barrier)";
			productReference = 128120E625A7FEA5005C479F /* 07-读写安全(GCD-barrier).app */;
			productType = "com.apple.product-type.application";
		};
		12A0D3B52541977000C95C16 /* 多线程 */ = {
			isa = PBXNativeTarget;
			buildConfigurationList = 12A0D3BD2541977000C95C16 /* Build configuration list for PBXNativeTarget "多线程" */;
			buildPhases = (
				12A0D3B22541977000C95C16 /* Sources */,
				12A0D3B32541977000C95C16 /* Frameworks */,
				12A0D3B42541977000C95C16 /* CopyFiles */,
			);
			buildRules = (
			);
			dependencies = (
			);
			name = "多线程";
			productName = "多线程";
			productReference = 12A0D3B62541977000C95C16 /* 多线程 */;
			productType = "com.apple.product-type.tool";
		};
		12A0D3F2254199A900C95C16 /* 01-GCD死锁 */ = {
			isa = PBXNativeTarget;
			buildConfigurationList = 12A0D409254199AB00C95C16 /* Build configuration list for PBXNativeTarget "01-GCD死锁" */;
			buildPhases = (
				12A0D3EF254199A900C95C16 /* Sources */,
				12A0D3F0254199A900C95C16 /* Frameworks */,
				12A0D3F1254199A900C95C16 /* Resources */,
			);
			buildRules = (
			);
			dependencies = (
			);
			name = "01-GCD死锁";
			productName = "01-GCD死锁";
			productReference = 12A0D3F3254199A900C95C16 /* 01-GCD死锁.app */;
			productType = "com.apple.product-type.application";
		};
/* End PBXNativeTarget section */

/* Begin PBXProject section */
		12A0D3AE2541977000C95C16 /* Project object */ = {
			isa = PBXProject;
			attributes = {
				LastUpgradeCheck = 1230;
				TargetAttributes = {
					120969822553FC350075FF57 = {
						CreatedOnToolsVersion = 12.1;
					};
					120969A425553A1C0075FF57 = {
						CreatedOnToolsVersion = 12.1;
					};
					1281202C25A6A707005C479F = {
						CreatedOnToolsVersion = 12.3;
					};
					1281204E25A6A82A005C479F = {
						CreatedOnToolsVersion = 12.3;
					};
					128120C125A7FE56005C479F = {
						CreatedOnToolsVersion = 12.3;
					};
					128120E525A7FEA5005C479F = {
						CreatedOnToolsVersion = 12.3;
					};
					12A0D3B52541977000C95C16 = {
						CreatedOnToolsVersion = 12.1;
					};
					12A0D3F2254199A900C95C16 = {
						CreatedOnToolsVersion = 12.1;
					};
				};
			};
			buildConfigurationList = 12A0D3B12541977000C95C16 /* Build configuration list for PBXProject "多线程" */;
			compatibilityVersion = "Xcode 9.3";
			developmentRegion = en;
			hasScannedForEncodings = 0;
			knownRegions = (
				en,
				Base,
			);
			mainGroup = 12A0D3AD2541977000C95C16;
			productRefGroup = 12A0D3B72541977000C95C16 /* Products */;
			projectDirPath = "";
			projectRoot = "";
			targets = (
				12A0D3B52541977000C95C16 /* 多线程 */,
				12A0D3F2254199A900C95C16 /* 01-GCD死锁 */,
				120969822553FC350075FF57 /* 02-面试题(打印结果) */,
				120969A425553A1C0075FF57 /* 03-group */,
				1281202C25A6A707005C479F /* 04-安全隐患 */,
				1281204E25A6A82A005C479F /* 05-线程同步(Lock) */,
				128120C125A7FE56005C479F /* 06-读写安全(rwlock) */,
				128120E525A7FEA5005C479F /* 07-读写安全(GCD-barrier) */,
			);
		};
/* End PBXProject section */

/* Begin PBXResourcesBuildPhase section */
		120969812553FC350075FF57 /* Resources */ = {
			isa = PBXResourcesBuildPhase;
			buildActionMask = 2147483647;
			files = (
				120969952553FC370075FF57 /* LaunchScreen.storyboard in Resources */,
				120969922553FC370075FF57 /* Assets.xcassets in Resources */,
				120969902553FC350075FF57 /* Main.storyboard in Resources */,
			);
			runOnlyForDeploymentPostprocessing = 0;
		};
		120969A325553A1C0075FF57 /* Resources */ = {
			isa = PBXResourcesBuildPhase;
			buildActionMask = 2147483647;
			files = (
				120969B725553A1E0075FF57 /* LaunchScreen.storyboard in Resources */,
				120969B425553A1E0075FF57 /* Assets.xcassets in Resources */,
				120969B225553A1C0075FF57 /* Main.storyboard in Resources */,
			);
			runOnlyForDeploymentPostprocessing = 0;
		};
		1281202B25A6A707005C479F /* Resources */ = {
			isa = PBXResourcesBuildPhase;
			buildActionMask = 2147483647;
			files = (
				1281203F25A6A70A005C479F /* LaunchScreen.storyboard in Resources */,
				1281203C25A6A70A005C479F /* Assets.xcassets in Resources */,
				1281203A25A6A707005C479F /* Main.storyboard in Resources */,
			);
			runOnlyForDeploymentPostprocessing = 0;
		};
		1281204D25A6A82A005C479F /* Resources */ = {
			isa = PBXResourcesBuildPhase;
			buildActionMask = 2147483647;
			files = (
				1281206125A6A82D005C479F /* LaunchScreen.storyboard in Resources */,
				1281205E25A6A82D005C479F /* Assets.xcassets in Resources */,
				1281205C25A6A82A005C479F /* Main.storyboard in Resources */,
			);
			runOnlyForDeploymentPostprocessing = 0;
		};
		128120C025A7FE56005C479F /* Resources */ = {
			isa = PBXResourcesBuildPhase;
			buildActionMask = 2147483647;
			files = (
				128120D425A7FE59005C479F /* LaunchScreen.storyboard in Resources */,
				128120D125A7FE59005C479F /* Assets.xcassets in Resources */,
				128120CF25A7FE56005C479F /* Main.storyboard in Resources */,
			);
			runOnlyForDeploymentPostprocessing = 0;
		};
		128120E425A7FEA5005C479F /* Resources */ = {
			isa = PBXResourcesBuildPhase;
			buildActionMask = 2147483647;
			files = (
				128120F825A7FEA8005C479F /* LaunchScreen.storyboard in Resources */,
				128120F525A7FEA8005C479F /* Assets.xcassets in Resources */,
				128120F325A7FEA5005C479F /* Main.storyboard in Resources */,
			);
			runOnlyForDeploymentPostprocessing = 0;
		};
		12A0D3F1254199A900C95C16 /* Resources */ = {
			isa = PBXResourcesBuildPhase;
			buildActionMask = 2147483647;
			files = (
				12A0D405254199AB00C95C16 /* LaunchScreen.storyboard in Resources */,
				12A0D402254199AB00C95C16 /* Assets.xcassets in Resources */,
				12A0D400254199A900C95C16 /* Main.storyboard in Resources */,
			);
			runOnlyForDeploymentPostprocessing = 0;
		};
/* End PBXResourcesBuildPhase section */

/* Begin PBXSourcesBuildPhase section */
		1209697F2553FC350075FF57 /* Sources */ = {
			isa = PBXSourcesBuildPhase;
			buildActionMask = 2147483647;
			files = (
				1209698D2553FC350075FF57 /* ViewController.m in Sources */,
				120969872553FC350075FF57 /* AppDelegate.m in Sources */,
				120969982553FC370075FF57 /* main.m in Sources */,
				1209698A2553FC350075FF57 /* SceneDelegate.m in Sources */,
			);
			runOnlyForDeploymentPostprocessing = 0;
		};
		120969A125553A1C0075FF57 /* Sources */ = {
			isa = PBXSourcesBuildPhase;
			buildActionMask = 2147483647;
			files = (
				120969AF25553A1C0075FF57 /* ViewController.m in Sources */,
				120969A925553A1C0075FF57 /* AppDelegate.m in Sources */,
				120969BA25553A1E0075FF57 /* main.m in Sources */,
				120969AC25553A1C0075FF57 /* SceneDelegate.m in Sources */,
			);
			runOnlyForDeploymentPostprocessing = 0;
		};
		1281202925A6A707005C479F /* Sources */ = {
			isa = PBXSourcesBuildPhase;
			buildActionMask = 2147483647;
			files = (
				1281203725A6A707005C479F /* ViewController.m in Sources */,
				1281203125A6A707005C479F /* AppDelegate.m in Sources */,
				1281204225A6A70A005C479F /* main.m in Sources */,
				1281203425A6A707005C479F /* SceneDelegate.m in Sources */,
			);
			runOnlyForDeploymentPostprocessing = 0;
		};
		1281204B25A6A82A005C479F /* Sources */ = {
			isa = PBXSourcesBuildPhase;
			buildActionMask = 2147483647;
			files = (
				1281209325A707C9005C479F /* NSConditionLockDemo.m in Sources */,
				1281205925A6A82A005C479F /* ViewController.m in Sources */,
				1281209225A707C9005C479F /* NSConditionDemo.m in Sources */,
				1281209725A707C9005C479F /* OSSpinLockDemo02.m in Sources */,
				1281209A25A707C9005C479F /* MutexDemo.m in Sources */,
				1281209925A707C9005C479F /* ADBaseDemo.m in Sources */,
				1281205325A6A82A005C479F /* AppDelegate.m in Sources */,
				1281209D25A707C9005C479F /* GCDSerialQueueDemo.m in Sources */,
				1281209425A707C9005C479F /* NSLockDemo.m in Sources */,
				1281206425A6A82D005C479F /* main.m in Sources */,
				1281209825A707C9005C479F /* OSSpinLockDemo01.m in Sources */,
				1281209625A707C9005C479F /* SynchronizedDemo.m in Sources */,
				1281209B25A707C9005C479F /* MutexDemo03.m in Sources */,
				1281205625A6A82A005C479F /* SceneDelegate.m in Sources */,
				1281209E25A707C9005C479F /* OSUnfairLockDemo.m in Sources */,
				1281209525A707C9005C479F /* NSRecursiveLockDemo.m in Sources */,
				1281209F25A707C9005C479F /* GCDSemaphoreDemo.m in Sources */,
				1281209C25A707C9005C479F /* MutexDemo02.m in Sources */,
			);
			runOnlyForDeploymentPostprocessing = 0;
		};
		128120BE25A7FE56005C479F /* Sources */ = {
			isa = PBXSourcesBuildPhase;
			buildActionMask = 2147483647;
			files = (
				128120CC25A7FE56005C479F /* ViewController.m in Sources */,
				128120C625A7FE56005C479F /* AppDelegate.m in Sources */,
				128120D725A7FE59005C479F /* main.m in Sources */,
				128120C925A7FE56005C479F /* SceneDelegate.m in Sources */,
			);
			runOnlyForDeploymentPostprocessing = 0;
		};
		128120E225A7FEA5005C479F /* Sources */ = {
			isa = PBXSourcesBuildPhase;
			buildActionMask = 2147483647;
			files = (
				128120F025A7FEA5005C479F /* ViewController.m in Sources */,
				128120EA25A7FEA5005C479F /* AppDelegate.m in Sources */,
				128120FB25A7FEA8005C479F /* main.m in Sources */,
				128120ED25A7FEA5005C479F /* SceneDelegate.m in Sources */,
			);
			runOnlyForDeploymentPostprocessing = 0;
		};
		12A0D3B22541977000C95C16 /* Sources */ = {
			isa = PBXSourcesBuildPhase;
			buildActionMask = 2147483647;
			files = (
				12A0D3BA2541977000C95C16 /* main.m in Sources */,
			);
			runOnlyForDeploymentPostprocessing = 0;
		};
		12A0D3EF254199A900C95C16 /* Sources */ = {
			isa = PBXSourcesBuildPhase;
			buildActionMask = 2147483647;
			files = (
				12A0D3FD254199A900C95C16 /* ViewController.m in Sources */,
				12A0D3F7254199A900C95C16 /* AppDelegate.m in Sources */,
				12A0D408254199AB00C95C16 /* main.m in Sources */,
				12A0D3FA254199A900C95C16 /* SceneDelegate.m in Sources */,
			);
			runOnlyForDeploymentPostprocessing = 0;
		};
/* End PBXSourcesBuildPhase section */

/* Begin PBXVariantGroup section */
		1209698E2553FC350075FF57 /* Main.storyboard */ = {
			isa = PBXVariantGroup;
			children = (
				1209698F2553FC350075FF57 /* Base */,
			);
			name = Main.storyboard;
			sourceTree = "<group>";
		};
		120969932553FC370075FF57 /* LaunchScreen.storyboard */ = {
			isa = PBXVariantGroup;
			children = (
				120969942553FC370075FF57 /* Base */,
			);
			name = LaunchScreen.storyboard;
			sourceTree = "<group>";
		};
		120969B025553A1C0075FF57 /* Main.storyboard */ = {
			isa = PBXVariantGroup;
			children = (
				120969B125553A1C0075FF57 /* Base */,
			);
			name = Main.storyboard;
			sourceTree = "<group>";
		};
		120969B525553A1E0075FF57 /* LaunchScreen.storyboard */ = {
			isa = PBXVariantGroup;
			children = (
				120969B625553A1E0075FF57 /* Base */,
			);
			name = LaunchScreen.storyboard;
			sourceTree = "<group>";
		};
		1281203825A6A707005C479F /* Main.storyboard */ = {
			isa = PBXVariantGroup;
			children = (
				1281203925A6A707005C479F /* Base */,
			);
			name = Main.storyboard;
			sourceTree = "<group>";
		};
		1281203D25A6A70A005C479F /* LaunchScreen.storyboard */ = {
			isa = PBXVariantGroup;
			children = (
				1281203E25A6A70A005C479F /* Base */,
			);
			name = LaunchScreen.storyboard;
			sourceTree = "<group>";
		};
		1281205A25A6A82A005C479F /* Main.storyboard */ = {
			isa = PBXVariantGroup;
			children = (
				1281205B25A6A82A005C479F /* Base */,
			);
			name = Main.storyboard;
			sourceTree = "<group>";
		};
		1281205F25A6A82D005C479F /* LaunchScreen.storyboard */ = {
			isa = PBXVariantGroup;
			children = (
				1281206025A6A82D005C479F /* Base */,
			);
			name = LaunchScreen.storyboard;
			sourceTree = "<group>";
		};
		128120CD25A7FE56005C479F /* Main.storyboard */ = {
			isa = PBXVariantGroup;
			children = (
				128120CE25A7FE56005C479F /* Base */,
			);
			name = Main.storyboard;
			sourceTree = "<group>";
		};
		128120D225A7FE59005C479F /* LaunchScreen.storyboard */ = {
			isa = PBXVariantGroup;
			children = (
				128120D325A7FE59005C479F /* Base */,
			);
			name = LaunchScreen.storyboard;
			sourceTree = "<group>";
		};
		128120F125A7FEA5005C479F /* Main.storyboard */ = {
			isa = PBXVariantGroup;
			children = (
				128120F225A7FEA5005C479F /* Base */,
			);
			name = Main.storyboard;
			sourceTree = "<group>";
		};
		128120F625A7FEA8005C479F /* LaunchScreen.storyboard */ = {
			isa = PBXVariantGroup;
			children = (
				128120F725A7FEA8005C479F /* Base */,
			);
			name = LaunchScreen.storyboard;
			sourceTree = "<group>";
		};
		12A0D3FE254199A900C95C16 /* Main.storyboard */ = {
			isa = PBXVariantGroup;
			children = (
				12A0D3FF254199A900C95C16 /* Base */,
			);
			name = Main.storyboard;
			sourceTree = "<group>";
		};
		12A0D403254199AB00C95C16 /* LaunchScreen.storyboard */ = {
			isa = PBXVariantGroup;
			children = (
				12A0D404254199AB00C95C16 /* Base */,
			);
			name = LaunchScreen.storyboard;
			sourceTree = "<group>";
		};
/* End PBXVariantGroup section */

/* Begin XCBuildConfiguration section */
		120969992553FC370075FF57 /* Debug */ = {
			isa = XCBuildConfiguration;
			buildSettings = {
				ASSETCATALOG_COMPILER_APPICON_NAME = AppIcon;
				ASSETCATALOG_COMPILER_GLOBAL_ACCENT_COLOR_NAME = AccentColor;
				CODE_SIGN_STYLE = Automatic;
				DEVELOPMENT_TEAM = 25ZE6TVB9T;
				INFOPLIST_FILE = "02-面试题(打印结果)/Info.plist";
				IPHONEOS_DEPLOYMENT_TARGET = 14.1;
				LD_RUNPATH_SEARCH_PATHS = (
					"$(inherited)",
					"@executable_path/Frameworks",
				);
				PRODUCT_BUNDLE_IDENTIFIER = "com.jingshonline.-2----------";
				PRODUCT_NAME = "$(TARGET_NAME)";
				SDKROOT = iphoneos;
				TARGETED_DEVICE_FAMILY = "1,2";
			};
			name = Debug;
		};
		1209699A2553FC370075FF57 /* Release */ = {
			isa = XCBuildConfiguration;
			buildSettings = {
				ASSETCATALOG_COMPILER_APPICON_NAME = AppIcon;
				ASSETCATALOG_COMPILER_GLOBAL_ACCENT_COLOR_NAME = AccentColor;
				CODE_SIGN_STYLE = Automatic;
				DEVELOPMENT_TEAM = 25ZE6TVB9T;
				INFOPLIST_FILE = "02-面试题(打印结果)/Info.plist";
				IPHONEOS_DEPLOYMENT_TARGET = 14.1;
				LD_RUNPATH_SEARCH_PATHS = (
					"$(inherited)",
					"@executable_path/Frameworks",
				);
				PRODUCT_BUNDLE_IDENTIFIER = "com.jingshonline.-2----------";
				PRODUCT_NAME = "$(TARGET_NAME)";
				SDKROOT = iphoneos;
				TARGETED_DEVICE_FAMILY = "1,2";
				VALIDATE_PRODUCT = YES;
			};
			name = Release;
		};
		120969BC25553A1E0075FF57 /* Debug */ = {
			isa = XCBuildConfiguration;
			buildSettings = {
				ASSETCATALOG_COMPILER_APPICON_NAME = AppIcon;
				ASSETCATALOG_COMPILER_GLOBAL_ACCENT_COLOR_NAME = AccentColor;
				CODE_SIGN_STYLE = Automatic;
				DEVELOPMENT_TEAM = 25ZE6TVB9T;
				INFOPLIST_FILE = "03-group/Info.plist";
				IPHONEOS_DEPLOYMENT_TARGET = 14.1;
				LD_RUNPATH_SEARCH_PATHS = (
					"$(inherited)",
					"@executable_path/Frameworks",
				);
				PRODUCT_BUNDLE_IDENTIFIER = "com.jingshonline.-3-group";
				PRODUCT_NAME = "$(TARGET_NAME)";
				SDKROOT = iphoneos;
				TARGETED_DEVICE_FAMILY = "1,2";
			};
			name = Debug;
		};
		120969BD25553A1E0075FF57 /* Release */ = {
			isa = XCBuildConfiguration;
			buildSettings = {
				ASSETCATALOG_COMPILER_APPICON_NAME = AppIcon;
				ASSETCATALOG_COMPILER_GLOBAL_ACCENT_COLOR_NAME = AccentColor;
				CODE_SIGN_STYLE = Automatic;
				DEVELOPMENT_TEAM = 25ZE6TVB9T;
				INFOPLIST_FILE = "03-group/Info.plist";
				IPHONEOS_DEPLOYMENT_TARGET = 14.1;
				LD_RUNPATH_SEARCH_PATHS = (
					"$(inherited)",
					"@executable_path/Frameworks",
				);
				PRODUCT_BUNDLE_IDENTIFIER = "com.jingshonline.-3-group";
				PRODUCT_NAME = "$(TARGET_NAME)";
				SDKROOT = iphoneos;
				TARGETED_DEVICE_FAMILY = "1,2";
				VALIDATE_PRODUCT = YES;
			};
			name = Release;
		};
		1281204325A6A70A005C479F /* Debug */ = {
			isa = XCBuildConfiguration;
			buildSettings = {
				ASSETCATALOG_COMPILER_APPICON_NAME = AppIcon;
				ASSETCATALOG_COMPILER_GLOBAL_ACCENT_COLOR_NAME = AccentColor;
				CODE_SIGN_STYLE = Automatic;
				DEVELOPMENT_TEAM = 25ZE6TVB9T;
				INFOPLIST_FILE = "04-安全隐患/Info.plist";
				IPHONEOS_DEPLOYMENT_TARGET = 14.3;
				LD_RUNPATH_SEARCH_PATHS = (
					"$(inherited)",
					"@executable_path/Frameworks",
				);
				PRODUCT_BUNDLE_IDENTIFIER = "com.jingshonline.-4-----";
				PRODUCT_NAME = "$(TARGET_NAME)";
				SDKROOT = iphoneos;
				TARGETED_DEVICE_FAMILY = "1,2";
			};
			name = Debug;
		};
		1281204425A6A70A005C479F /* Release */ = {
			isa = XCBuildConfiguration;
			buildSettings = {
				ASSETCATALOG_COMPILER_APPICON_NAME = AppIcon;
				ASSETCATALOG_COMPILER_GLOBAL_ACCENT_COLOR_NAME = AccentColor;
				CODE_SIGN_STYLE = Automatic;
				DEVELOPMENT_TEAM = 25ZE6TVB9T;
				INFOPLIST_FILE = "04-安全隐患/Info.plist";
				IPHONEOS_DEPLOYMENT_TARGET = 14.3;
				LD_RUNPATH_SEARCH_PATHS = (
					"$(inherited)",
					"@executable_path/Frameworks",
				);
				PRODUCT_BUNDLE_IDENTIFIER = "com.jingshonline.-4-----";
				PRODUCT_NAME = "$(TARGET_NAME)";
				SDKROOT = iphoneos;
				TARGETED_DEVICE_FAMILY = "1,2";
				VALIDATE_PRODUCT = YES;
			};
			name = Release;
		};
		1281206625A6A82D005C479F /* Debug */ = {
			isa = XCBuildConfiguration;
			buildSettings = {
				ASSETCATALOG_COMPILER_APPICON_NAME = AppIcon;
				ASSETCATALOG_COMPILER_GLOBAL_ACCENT_COLOR_NAME = AccentColor;
				CODE_SIGN_STYLE = Automatic;
				DEVELOPMENT_TEAM = 25ZE6TVB9T;
				INFOPLIST_FILE = "05-线程同步(Lock)/Info.plist";
				IPHONEOS_DEPLOYMENT_TARGET = 14.3;
				LD_RUNPATH_SEARCH_PATHS = (
					"$(inherited)",
					"@executable_path/Frameworks",
				);
				PRODUCT_BUNDLE_IDENTIFIER = "com.jingshonline.-5------Lock-";
				PRODUCT_NAME = "$(TARGET_NAME)";
				SDKROOT = iphoneos;
				TARGETED_DEVICE_FAMILY = "1,2";
			};
			name = Debug;
		};
		1281206725A6A82D005C479F /* Release */ = {
			isa = XCBuildConfiguration;
			buildSettings = {
				ASSETCATALOG_COMPILER_APPICON_NAME = AppIcon;
				ASSETCATALOG_COMPILER_GLOBAL_ACCENT_COLOR_NAME = AccentColor;
				CODE_SIGN_STYLE = Automatic;
				DEVELOPMENT_TEAM = 25ZE6TVB9T;
				INFOPLIST_FILE = "05-线程同步(Lock)/Info.plist";
				IPHONEOS_DEPLOYMENT_TARGET = 14.3;
				LD_RUNPATH_SEARCH_PATHS = (
					"$(inherited)",
					"@executable_path/Frameworks",
				);
				PRODUCT_BUNDLE_IDENTIFIER = "com.jingshonline.-5------Lock-";
				PRODUCT_NAME = "$(TARGET_NAME)";
				SDKROOT = iphoneos;
				TARGETED_DEVICE_FAMILY = "1,2";
				VALIDATE_PRODUCT = YES;
			};
			name = Release;
		};
		128120D925A7FE59005C479F /* Debug */ = {
			isa = XCBuildConfiguration;
			buildSettings = {
				ASSETCATALOG_COMPILER_APPICON_NAME = AppIcon;
				ASSETCATALOG_COMPILER_GLOBAL_ACCENT_COLOR_NAME = AccentColor;
				CODE_SIGN_STYLE = Automatic;
				DEVELOPMENT_TEAM = 25ZE6TVB9T;
				INFOPLIST_FILE = "06-读写安全(rwlock)/Info.plist";
				IPHONEOS_DEPLOYMENT_TARGET = 14.3;
				LD_RUNPATH_SEARCH_PATHS = (
					"$(inherited)",
					"@executable_path/Frameworks",
				);
				PRODUCT_BUNDLE_IDENTIFIER = "com.jingshonline.-6------rwlock-";
				PRODUCT_NAME = "$(TARGET_NAME)";
				SDKROOT = iphoneos;
				TARGETED_DEVICE_FAMILY = "1,2";
			};
			name = Debug;
		};
		128120DA25A7FE59005C479F /* Release */ = {
			isa = XCBuildConfiguration;
			buildSettings = {
				ASSETCATALOG_COMPILER_APPICON_NAME = AppIcon;
				ASSETCATALOG_COMPILER_GLOBAL_ACCENT_COLOR_NAME = AccentColor;
				CODE_SIGN_STYLE = Automatic;
				DEVELOPMENT_TEAM = 25ZE6TVB9T;
				INFOPLIST_FILE = "06-读写安全(rwlock)/Info.plist";
				IPHONEOS_DEPLOYMENT_TARGET = 14.3;
				LD_RUNPATH_SEARCH_PATHS = (
					"$(inherited)",
					"@executable_path/Frameworks",
				);
				PRODUCT_BUNDLE_IDENTIFIER = "com.jingshonline.-6------rwlock-";
				PRODUCT_NAME = "$(TARGET_NAME)";
				SDKROOT = iphoneos;
				TARGETED_DEVICE_FAMILY = "1,2";
				VALIDATE_PRODUCT = YES;
			};
			name = Release;
		};
		128120FD25A7FEA8005C479F /* Debug */ = {
			isa = XCBuildConfiguration;
			buildSettings = {
				ASSETCATALOG_COMPILER_APPICON_NAME = AppIcon;
				ASSETCATALOG_COMPILER_GLOBAL_ACCENT_COLOR_NAME = AccentColor;
				CODE_SIGN_STYLE = Automatic;
				DEVELOPMENT_TEAM = 25ZE6TVB9T;
				INFOPLIST_FILE = "07-读写安全(GCD-barrier)/Info.plist";
				IPHONEOS_DEPLOYMENT_TARGET = 14.3;
				LD_RUNPATH_SEARCH_PATHS = (
					"$(inherited)",
					"@executable_path/Frameworks",
				);
				PRODUCT_BUNDLE_IDENTIFIER = "com.jingshonline.-7------GCD-barrier-";
				PRODUCT_NAME = "$(TARGET_NAME)";
				SDKROOT = iphoneos;
				TARGETED_DEVICE_FAMILY = "1,2";
			};
			name = Debug;
		};
		128120FE25A7FEA8005C479F /* Release */ = {
			isa = XCBuildConfiguration;
			buildSettings = {
				ASSETCATALOG_COMPILER_APPICON_NAME = AppIcon;
				ASSETCATALOG_COMPILER_GLOBAL_ACCENT_COLOR_NAME = AccentColor;
				CODE_SIGN_STYLE = Automatic;
				DEVELOPMENT_TEAM = 25ZE6TVB9T;
				INFOPLIST_FILE = "07-读写安全(GCD-barrier)/Info.plist";
				IPHONEOS_DEPLOYMENT_TARGET = 14.3;
				LD_RUNPATH_SEARCH_PATHS = (
					"$(inherited)",
					"@executable_path/Frameworks",
				);
				PRODUCT_BUNDLE_IDENTIFIER = "com.jingshonline.-7------GCD-barrier-";
				PRODUCT_NAME = "$(TARGET_NAME)";
				SDKROOT = iphoneos;
				TARGETED_DEVICE_FAMILY = "1,2";
				VALIDATE_PRODUCT = YES;
			};
			name = Release;
		};
		12A0D3BB2541977000C95C16 /* Debug */ = {
			isa = XCBuildConfiguration;
			buildSettings = {
				ALWAYS_SEARCH_USER_PATHS = NO;
				CLANG_ANALYZER_NONNULL = YES;
				CLANG_ANALYZER_NUMBER_OBJECT_CONVERSION = YES_AGGRESSIVE;
				CLANG_CXX_LANGUAGE_STANDARD = "gnu++14";
				CLANG_CXX_LIBRARY = "libc++";
				CLANG_ENABLE_MODULES = YES;
				CLANG_ENABLE_OBJC_ARC = YES;
				CLANG_ENABLE_OBJC_WEAK = YES;
				CLANG_WARN_BLOCK_CAPTURE_AUTORELEASING = YES;
				CLANG_WARN_BOOL_CONVERSION = YES;
				CLANG_WARN_COMMA = YES;
				CLANG_WARN_CONSTANT_CONVERSION = YES;
				CLANG_WARN_DEPRECATED_OBJC_IMPLEMENTATIONS = YES;
				CLANG_WARN_DIRECT_OBJC_ISA_USAGE = YES_ERROR;
				CLANG_WARN_DOCUMENTATION_COMMENTS = YES;
				CLANG_WARN_EMPTY_BODY = YES;
				CLANG_WARN_ENUM_CONVERSION = YES;
				CLANG_WARN_INFINITE_RECURSION = YES;
				CLANG_WARN_INT_CONVERSION = YES;
				CLANG_WARN_NON_LITERAL_NULL_CONVERSION = YES;
				CLANG_WARN_OBJC_IMPLICIT_RETAIN_SELF = YES;
				CLANG_WARN_OBJC_LITERAL_CONVERSION = YES;
				CLANG_WARN_OBJC_ROOT_CLASS = YES_ERROR;
				CLANG_WARN_QUOTED_INCLUDE_IN_FRAMEWORK_HEADER = YES;
				CLANG_WARN_RANGE_LOOP_ANALYSIS = YES;
				CLANG_WARN_STRICT_PROTOTYPES = YES;
				CLANG_WARN_SUSPICIOUS_MOVE = YES;
				CLANG_WARN_UNGUARDED_AVAILABILITY = YES_AGGRESSIVE;
				CLANG_WARN_UNREACHABLE_CODE = YES;
				CLANG_WARN__DUPLICATE_METHOD_MATCH = YES;
				COPY_PHASE_STRIP = NO;
				DEBUG_INFORMATION_FORMAT = dwarf;
				ENABLE_STRICT_OBJC_MSGSEND = YES;
				ENABLE_TESTABILITY = YES;
				GCC_C_LANGUAGE_STANDARD = gnu11;
				GCC_DYNAMIC_NO_PIC = NO;
				GCC_NO_COMMON_BLOCKS = YES;
				GCC_OPTIMIZATION_LEVEL = 0;
				GCC_PREPROCESSOR_DEFINITIONS = (
					"DEBUG=1",
					"$(inherited)",
				);
				GCC_WARN_64_TO_32_BIT_CONVERSION = YES;
				GCC_WARN_ABOUT_RETURN_TYPE = YES_ERROR;
				GCC_WARN_UNDECLARED_SELECTOR = YES;
				GCC_WARN_UNINITIALIZED_AUTOS = YES_AGGRESSIVE;
				GCC_WARN_UNUSED_FUNCTION = YES;
				GCC_WARN_UNUSED_VARIABLE = YES;
				IPHONEOS_DEPLOYMENT_TARGET = 9.0;
				MACOSX_DEPLOYMENT_TARGET = 10.15;
				MTL_ENABLE_DEBUG_INFO = INCLUDE_SOURCE;
				MTL_FAST_MATH = YES;
				ONLY_ACTIVE_ARCH = YES;
				SDKROOT = macosx;
			};
			name = Debug;
		};
		12A0D3BC2541977000C95C16 /* Release */ = {
			isa = XCBuildConfiguration;
			buildSettings = {
				ALWAYS_SEARCH_USER_PATHS = NO;
				CLANG_ANALYZER_NONNULL = YES;
				CLANG_ANALYZER_NUMBER_OBJECT_CONVERSION = YES_AGGRESSIVE;
				CLANG_CXX_LANGUAGE_STANDARD = "gnu++14";
				CLANG_CXX_LIBRARY = "libc++";
				CLANG_ENABLE_MODULES = YES;
				CLANG_ENABLE_OBJC_ARC = YES;
				CLANG_ENABLE_OBJC_WEAK = YES;
				CLANG_WARN_BLOCK_CAPTURE_AUTORELEASING = YES;
				CLANG_WARN_BOOL_CONVERSION = YES;
				CLANG_WARN_COMMA = YES;
				CLANG_WARN_CONSTANT_CONVERSION = YES;
				CLANG_WARN_DEPRECATED_OBJC_IMPLEMENTATIONS = YES;
				CLANG_WARN_DIRECT_OBJC_ISA_USAGE = YES_ERROR;
				CLANG_WARN_DOCUMENTATION_COMMENTS = YES;
				CLANG_WARN_EMPTY_BODY = YES;
				CLANG_WARN_ENUM_CONVERSION = YES;
				CLANG_WARN_INFINITE_RECURSION = YES;
				CLANG_WARN_INT_CONVERSION = YES;
				CLANG_WARN_NON_LITERAL_NULL_CONVERSION = YES;
				CLANG_WARN_OBJC_IMPLICIT_RETAIN_SELF = YES;
				CLANG_WARN_OBJC_LITERAL_CONVERSION = YES;
				CLANG_WARN_OBJC_ROOT_CLASS = YES_ERROR;
				CLANG_WARN_QUOTED_INCLUDE_IN_FRAMEWORK_HEADER = YES;
				CLANG_WARN_RANGE_LOOP_ANALYSIS = YES;
				CLANG_WARN_STRICT_PROTOTYPES = YES;
				CLANG_WARN_SUSPICIOUS_MOVE = YES;
				CLANG_WARN_UNGUARDED_AVAILABILITY = YES_AGGRESSIVE;
				CLANG_WARN_UNREACHABLE_CODE = YES;
				CLANG_WARN__DUPLICATE_METHOD_MATCH = YES;
				COPY_PHASE_STRIP = NO;
				DEBUG_INFORMATION_FORMAT = "dwarf-with-dsym";
				ENABLE_NS_ASSERTIONS = NO;
				ENABLE_STRICT_OBJC_MSGSEND = YES;
				GCC_C_LANGUAGE_STANDARD = gnu11;
				GCC_NO_COMMON_BLOCKS = YES;
				GCC_WARN_64_TO_32_BIT_CONVERSION = YES;
				GCC_WARN_ABOUT_RETURN_TYPE = YES_ERROR;
				GCC_WARN_UNDECLARED_SELECTOR = YES;
				GCC_WARN_UNINITIALIZED_AUTOS = YES_AGGRESSIVE;
				GCC_WARN_UNUSED_FUNCTION = YES;
				GCC_WARN_UNUSED_VARIABLE = YES;
				IPHONEOS_DEPLOYMENT_TARGET = 9.0;
				MACOSX_DEPLOYMENT_TARGET = 10.15;
				MTL_ENABLE_DEBUG_INFO = NO;
				MTL_FAST_MATH = YES;
				SDKROOT = macosx;
			};
			name = Release;
		};
		12A0D3BE2541977000C95C16 /* Debug */ = {
			isa = XCBuildConfiguration;
			buildSettings = {
				CODE_SIGN_IDENTITY = "-";
				CODE_SIGN_STYLE = Automatic;
				DEVELOPMENT_TEAM = 25ZE6TVB9T;
				ENABLE_HARDENED_RUNTIME = YES;
				PRODUCT_NAME = "$(TARGET_NAME)";
			};
			name = Debug;
		};
		12A0D3BF2541977000C95C16 /* Release */ = {
			isa = XCBuildConfiguration;
			buildSettings = {
				CODE_SIGN_IDENTITY = "-";
				CODE_SIGN_STYLE = Automatic;
				DEVELOPMENT_TEAM = 25ZE6TVB9T;
				ENABLE_HARDENED_RUNTIME = YES;
				PRODUCT_NAME = "$(TARGET_NAME)";
			};
			name = Release;
		};
		12A0D40A254199AB00C95C16 /* Debug */ = {
			isa = XCBuildConfiguration;
			buildSettings = {
				ASSETCATALOG_COMPILER_APPICON_NAME = AppIcon;
				ASSETCATALOG_COMPILER_GLOBAL_ACCENT_COLOR_NAME = AccentColor;
				CODE_SIGN_STYLE = Automatic;
				DEVELOPMENT_TEAM = 25ZE6TVB9T;
				INFOPLIST_FILE = "01-GCD死锁/Info.plist";
				IPHONEOS_DEPLOYMENT_TARGET = 14.1;
				LD_RUNPATH_SEARCH_PATHS = (
					"$(inherited)",
					"@executable_path/Frameworks",
				);
				PRODUCT_BUNDLE_IDENTIFIER = "com.jingshonline.-1-GCD--";
				PRODUCT_NAME = "$(TARGET_NAME)";
				SDKROOT = iphoneos;
				TARGETED_DEVICE_FAMILY = "1,2";
			};
			name = Debug;
		};
		12A0D40B254199AB00C95C16 /* Release */ = {
			isa = XCBuildConfiguration;
			buildSettings = {
				ASSETCATALOG_COMPILER_APPICON_NAME = AppIcon;
				ASSETCATALOG_COMPILER_GLOBAL_ACCENT_COLOR_NAME = AccentColor;
				CODE_SIGN_STYLE = Automatic;
				DEVELOPMENT_TEAM = 25ZE6TVB9T;
				INFOPLIST_FILE = "01-GCD死锁/Info.plist";
				IPHONEOS_DEPLOYMENT_TARGET = 14.1;
				LD_RUNPATH_SEARCH_PATHS = (
					"$(inherited)",
					"@executable_path/Frameworks",
				);
				PRODUCT_BUNDLE_IDENTIFIER = "com.jingshonline.-1-GCD--";
				PRODUCT_NAME = "$(TARGET_NAME)";
				SDKROOT = iphoneos;
				TARGETED_DEVICE_FAMILY = "1,2";
				VALIDATE_PRODUCT = YES;
			};
			name = Release;
		};
/* End XCBuildConfiguration section */

/* Begin XCConfigurationList section */
		1209699B2553FC370075FF57 /* Build configuration list for PBXNativeTarget "02-面试题(打印结果)" */ = {
			isa = XCConfigurationList;
			buildConfigurations = (
				120969992553FC370075FF57 /* Debug */,
				1209699A2553FC370075FF57 /* Release */,
			);
			defaultConfigurationIsVisible = 0;
			defaultConfigurationName = Release;
		};
		120969BB25553A1E0075FF57 /* Build configuration list for PBXNativeTarget "03-group" */ = {
			isa = XCConfigurationList;
			buildConfigurations = (
				120969BC25553A1E0075FF57 /* Debug */,
				120969BD25553A1E0075FF57 /* Release */,
			);
			defaultConfigurationIsVisible = 0;
			defaultConfigurationName = Release;
		};
		1281204525A6A70B005C479F /* Build configuration list for PBXNativeTarget "04-安全隐患" */ = {
			isa = XCConfigurationList;
			buildConfigurations = (
				1281204325A6A70A005C479F /* Debug */,
				1281204425A6A70A005C479F /* Release */,
			);
			defaultConfigurationIsVisible = 0;
			defaultConfigurationName = Release;
		};
		1281206525A6A82D005C479F /* Build configuration list for PBXNativeTarget "05-线程同步(Lock)" */ = {
			isa = XCConfigurationList;
			buildConfigurations = (
				1281206625A6A82D005C479F /* Debug */,
				1281206725A6A82D005C479F /* Release */,
			);
			defaultConfigurationIsVisible = 0;
			defaultConfigurationName = Release;
		};
		128120D825A7FE59005C479F /* Build configuration list for PBXNativeTarget "06-读写安全(rwlock)" */ = {
			isa = XCConfigurationList;
			buildConfigurations = (
				128120D925A7FE59005C479F /* Debug */,
				128120DA25A7FE59005C479F /* Release */,
			);
			defaultConfigurationIsVisible = 0;
			defaultConfigurationName = Release;
		};
		128120FC25A7FEA8005C479F /* Build configuration list for PBXNativeTarget "07-读写安全(GCD-barrier)" */ = {
			isa = XCConfigurationList;
			buildConfigurations = (
				128120FD25A7FEA8005C479F /* Debug */,
				128120FE25A7FEA8005C479F /* Release */,
			);
			defaultConfigurationIsVisible = 0;
			defaultConfigurationName = Release;
		};
		12A0D3B12541977000C95C16 /* Build configuration list for PBXProject "多线程" */ = {
			isa = XCConfigurationList;
			buildConfigurations = (
				12A0D3BB2541977000C95C16 /* Debug */,
				12A0D3BC2541977000C95C16 /* Release */,
			);
			defaultConfigurationIsVisible = 0;
			defaultConfigurationName = Release;
		};
		12A0D3BD2541977000C95C16 /* Build configuration list for PBXNativeTarget "多线程" */ = {
			isa = XCConfigurationList;
			buildConfigurations = (
				12A0D3BE2541977000C95C16 /* Debug */,
				12A0D3BF2541977000C95C16 /* Release */,
			);
			defaultConfigurationIsVisible = 0;
			defaultConfigurationName = Release;
		};
		12A0D409254199AB00C95C16 /* Build configuration list for PBXNativeTarget "01-GCD死锁" */ = {
			isa = XCConfigurationList;
			buildConfigurations = (
				12A0D40A254199AB00C95C16 /* Debug */,
				12A0D40B254199AB00C95C16 /* Release */,
			);
			defaultConfigurationIsVisible = 0;
			defaultConfigurationName = Release;
		};
/* End XCConfigurationList section */
	};
	rootObject = 12A0D3AE2541977000C95C16 /* Project object */;
}
